<?xml version="1.0" encoding="utf-8"?>
<Project ToolsVersion="4.0" xmlns="http://schemas.microsoft.com/developer/msbuild/2003">
  <ItemGroup>
    <Filter Include="소스 파일">
      <UniqueIdentifier>{4FC737F1-C7A5-4376-A066-2A32D752A2FF}</UniqueIdentifier>
      <Extensions>cpp;c;cc;cxx;def;odl;idl;hpj;bat;asm;asmx</Extensions>
    </Filter>
    <Filter Include="헤더 파일">
      <UniqueIdentifier>{93995380-89BD-4b04-88EB-625FBE52EBFB}</UniqueIdentifier>
      <Extensions>h;hh;hpp;hxx;hm;inl;inc;ipp;xsd</Extensions>
    </Filter>
    <Filter Include="리소스 파일">
      <UniqueIdentifier>{67DA6AB6-F800-4c08-8B7A-83BB121AAD01}</UniqueIdentifier>
      <Extensions>rc;ico;cur;bmp;dlg;rc2;rct;bin;rgs;gif;jpg;jpeg;jpe;resx;tiff;tif;png;wav;mfcribbon-ms</Extensions>
    </Filter>
    <Filter Include="소스 파일\State">
      <UniqueIdentifier>{932e500f-7c90-44bd-a62d-51f1e62e064c}</UniqueIdentifier>
    </Filter>
    <Filter Include="소스 파일\Object">
      <UniqueIdentifier>{cc2bb6e2-5bc0-40e1-ab6d-3ea05e58b0bc}</UniqueIdentifier>
    </Filter>
    <Filter Include="소스 파일\Scene">
      <UniqueIdentifier>{b8fa9cd9-b7ac-461c-b2cb-e1574e0cac4b}</UniqueIdentifier>
    </Filter>
    <Filter Include="소스 파일\MFC">
      <UniqueIdentifier>{feb4afbc-aac2-472b-bf80-c6bc8d85a270}</UniqueIdentifier>
    </Filter>
    <Filter Include="소스 파일\Asset">
      <UniqueIdentifier>{03448fc4-17be-44b4-904e-4683f3e4f7a3}</UniqueIdentifier>
    </Filter>
  </ItemGroup>
  <ItemGroup>
    <ClInclude Include="SceneManager.h">
      <Filter>소스 파일\Scene</Filter>
    </ClInclude>
    <ClInclude Include="IntroScene.h">
      <Filter>소스 파일\Scene</Filter>
    </ClInclude>
    <ClInclude Include="Player.h">
      <Filter>소스 파일\Object</Filter>
    </ClInclude>
    <ClInclude Include="Object.h">
      <Filter>소스 파일\Object</Filter>
    </ClInclude>
    <ClInclude Include="State.h">
      <Filter>소스 파일\State</Filter>
    </ClInclude>
    <ClInclude Include="common.h">
      <Filter>헤더 파일</Filter>
    </ClInclude>
    <ClInclude Include="Scene.h">
      <Filter>소스 파일\Scene</Filter>
    </ClInclude>
    <ClInclude Include="ChildView.h">
      <Filter>소스 파일\MFC</Filter>
    </ClInclude>
    <ClInclude Include="LegendOfWhite.h">
      <Filter>소스 파일\MFC</Filter>
    </ClInclude>
    <ClInclude Include="MainFrm.h">
      <Filter>소스 파일\MFC</Filter>
    </ClInclude>
    <ClInclude Include="targetver.h">
      <Filter>소스 파일\MFC</Filter>
    </ClInclude>
    <ClInclude Include="framework.h">
      <Filter>소스 파일\MFC</Filter>
    </ClInclude>
    <ClInclude Include="Resource.h">
      <Filter>소스 파일\MFC</Filter>
    </ClInclude>
    <ClInclude Include="Singleton.h">
      <Filter>헤더 파일</Filter>
    </ClInclude>
    <ClInclude Include="State_PIdle.h">
      <Filter>소스 파일\State</Filter>
    </ClInclude>
    <ClInclude Include="State_EMove.h">
      <Filter>소스 파일\State</Filter>
    </ClInclude>
    <ClInclude Include="AssetManager.h">
      <Filter>소스 파일\Asset</Filter>
    </ClInclude>
    <ClInclude Include="Enemy.h">
      <Filter>소스 파일\Object</Filter>
    </ClInclude>
    <ClInclude Include="State_PMove.h">
      <Filter>소스 파일\State</Filter>
    </ClInclude>
    <ClInclude Include="GameData.h">
      <Filter>소스 파일\Asset</Filter>
    </ClInclude>
    <ClInclude Include="StatusScene.h">
      <Filter>소스 파일\Scene</Filter>
    </ClInclude>
    <ClInclude Include="GameScene.h">
      <Filter>소스 파일\Scene</Filter>
    </ClInclude>
    <ClInclude Include="pch.h">
      <Filter>헤더 파일</Filter>
    </ClInclude>
  </ItemGroup>
  <ItemGroup>
    <ClCompile Include="SceneManager.cpp">
      <Filter>소스 파일\Scene</Filter>
    </ClCompile>
    <ClCompile Include="IntroScene.cpp">
      <Filter>소스 파일\Scene</Filter>
    </ClCompile>
    <ClCompile Include="Player.cpp">
      <Filter>소스 파일\Object</Filter>
    </ClCompile>
    <ClCompile Include="Object.cpp">
      <Filter>소스 파일\Object</Filter>
    </ClCompile>
    <ClCompile Include="State.cpp">
      <Filter>소스 파일\State</Filter>
    </ClCompile>
    <ClCompile Include="Scene.cpp">
      <Filter>소스 파일\Scene</Filter>
    </ClCompile>
    <ClCompile Include="ChildView.cpp">
      <Filter>소스 파일\MFC</Filter>
    </ClCompile>
    <ClCompile Include="LegendOfWhite.cpp">
      <Filter>소스 파일\MFC</Filter>
    </ClCompile>
    <ClCompile Include="MainFrm.cpp">
      <Filter>소스 파일\MFC</Filter>
    </ClCompile>
    <ClCompile Include="pch.cpp">
      <Filter>소스 파일\MFC</Filter>
    </ClCompile>
    <ClCompile Include="State_PIdle.cpp">
      <Filter>소스 파일\State</Filter>
    </ClCompile>
    <ClCompile Include="State_EMove.cpp">
      <Filter>소스 파일\State</Filter>
    </ClCompile>
    <ClCompile Include="AssetManager.cpp">
      <Filter>소스 파일\Asset</Filter>
    </ClCompile>
    <ClCompile Include="Enemy.cpp">
      <Filter>소스 파일\Object</Filter>
    </ClCompile>
    <ClCompile Include="State_PMove.cpp">
      <Filter>소스 파일\State</Filter>
    </ClCompile>
    <ClCompile Include="GameData.cpp">
      <Filter>소스 파일\Asset</Filter>
    </ClCompile>
    <ClCompile Include="StatusScene.cpp">
      <Filter>소스 파일\Scene</Filter>
    </ClCompile>
    <ClCompile Include="GameScene.cpp">
      <Filter>소스 파일\Scene</Filter>
    </ClCompile>
  </ItemGroup>
  <ItemGroup>
    <ResourceCompile Include="LegendOfWhite.rc">
      <Filter>리소스 파일</Filter>
    </ResourceCompile>
  </ItemGroup>
  <ItemGroup>
    <None Include="res\LegendOfWhite.rc2">
      <Filter>리소스 파일</Filter>
    </None>
  </ItemGroup>
  <ItemGroup>
    <Image Include="res\LegendOfWhite.ico">
      <Filter>리소스 파일</Filter>
    </Image>
    <Image Include="res\Toolbar.bmp">
      <Filter>리소스 파일</Filter>
    </Image>
  </ItemGroup>
</Project>